{
  "name": "mailscraper",
  "version": "1.0.0",
  "lockfileVersion": 1,
  "requires": true,
  "dependencies": {
    "addressparser": {
      "version": "1.0.1",
      "resolved": "https://registry.npmjs.org/addressparser/-/addressparser-1.0.1.tgz",
      "integrity": "sha1-R6++GiqSYhkdtoOOT9HTm0CCF0Y="
    },
    "ansicolors": {
      "version": "0.2.1",
      "resolved": "https://registry.npmjs.org/ansicolors/-/ansicolors-0.2.1.tgz",
      "integrity": "sha1-vgiVmQl7dKXJxKhKDNvNtivYeu8="
    },
    "argv-tools": {
      "version": "0.1.1",
      "resolved": "https://registry.npmjs.org/argv-tools/-/argv-tools-0.1.1.tgz",
      "integrity": "sha512-Cc0dBvx4dvrjjKpyDA6w8RlNAw8Su30NvZbWl/Tv9ZALEVlLVkWQiHMi84Q0xNfpVuSaiQbYkdmWK8g1PLGhKw==",
      "requires": {
        "array-back": "2.0.0",
        "find-replace": "2.0.1"
      }
    },
    "array-back": {
      "version": "2.0.0",
      "resolved": "https://registry.npmjs.org/array-back/-/array-back-2.0.0.tgz",
      "integrity": "sha512-eJv4pLLufP3g5kcZry0j6WXpIbzYw9GUB4mVJZno9wfwiBxbizTnHCw3VJb07cBihbFX48Y7oSrW9y+gt4glyw==",
      "requires": {
        "typical": "2.6.1"
      }
    },
    "asynk": {
      "version": "0.0.12",
      "resolved": "https://registry.npmjs.org/asynk/-/asynk-0.0.12.tgz",
      "integrity": "sha1-qLN836VbBKyGVYRa4wri87cN+H8="
    },
    "babyparse": {
      "version": "0.4.6",
      "resolved": "https://registry.npmjs.org/babyparse/-/babyparse-0.4.6.tgz",
      "integrity": "sha1-j/KbYtHmAMBlSv1jRX+X+iw26cE="
    },
    "buildmail": {
      "version": "3.10.0",
      "resolved": "https://registry.npmjs.org/buildmail/-/buildmail-3.10.0.tgz",
      "integrity": "sha1-xoJtcW55RbtvaxQ0tTmF4CmgMVk=",
      "requires": {
        "addressparser": "1.0.1",
        "libbase64": "0.1.0",
        "libmime": "2.1.0",
        "libqp": "1.1.0",
        "nodemailer-fetch": "1.6.0",
        "nodemailer-shared": "1.1.0"
      }
    },
    "cardinal": {
      "version": "1.0.0",
      "resolved": "https://registry.npmjs.org/cardinal/-/cardinal-1.0.0.tgz",
      "integrity": "sha1-UOIcGwqjdyn5N33vGWtanOyTLuk=",
      "requires": {
        "ansicolors": "0.2.1",
        "redeyed": "1.0.1"
      }
    },
    "command-line-args": {
      "version": "5.0.2",
      "resolved": "https://registry.npmjs.org/command-line-args/-/command-line-args-5.0.2.tgz",
      "integrity": "sha512-/qPcbL8zpqg53x4rAaqMFlRV4opN3pbla7I7k9x8kyOBMQoGT6WltjN6sXZuxOXw6DgdK7Ad+ijYS5gjcr7vlA==",
      "requires": {
        "argv-tools": "0.1.1",
        "array-back": "2.0.0",
        "find-replace": "2.0.1",
        "lodash.camelcase": "4.3.0",
        "typical": "2.6.1"
      }
    },
    "core-util-is": {
      "version": "1.0.2",
      "resolved": "https://registry.npmjs.org/core-util-is/-/core-util-is-1.0.2.tgz",
      "integrity": "sha1-tf1UIgqivFq1eqtxQMlAdUUDwac="
    },
    "denque": {
      "version": "1.2.3",
      "resolved": "https://registry.npmjs.org/denque/-/denque-1.2.3.tgz",
      "integrity": "sha512-BOjyD1zPf7gqgXlXBCnCsz84cbRNfqpQNvWOUiw3Onu9s7a2afW2LyHzctoie/2KELfUoZkNHTnW02C3hCU20w=="
    },
    "email-scraper": {
      "version": "1.1.2",
      "resolved": "https://registry.npmjs.org/email-scraper/-/email-scraper-1.1.2.tgz",
      "integrity": "sha1-HV1OptgbinEdcLn6e+gQ1I3K8sc=",
      "requires": {
        "babyparse": "0.4.6",
        "command-line-args": "5.0.2",
        "hasha": "3.0.0",
        "lodash": "4.17.10",
        "mailx": "0.0.11",
        "mysql2": "1.5.3"
      }
    },
    "encoding": {
      "version": "0.1.12",
      "resolved": "https://registry.npmjs.org/encoding/-/encoding-0.1.12.tgz",
      "integrity": "sha1-U4tm8+5izRq1HsMjgp0flIDHS+s=",
      "requires": {
        "iconv-lite": "0.4.23"
      }
    },
    "escape-string-regexp": {
      "version": "1.0.5",
      "resolved": "https://registry.npmjs.org/escape-string-regexp/-/escape-string-regexp-1.0.5.tgz",
      "integrity": "sha1-G2HAViGQqN/2rjuyzwIAyhMLhtQ="
    },
    "esprima": {
      "version": "3.0.0",
      "resolved": "https://registry.npmjs.org/esprima/-/esprima-3.0.0.tgz",
      "integrity": "sha1-U88kes2ncxPlUcOqLnM0LT+099k="
    },
    "extend": {
      "version": "3.0.1",
      "resolved": "https://registry.npmjs.org/extend/-/extend-3.0.1.tgz",
      "integrity": "sha1-p1Xqe8Gt/MWjHOfnYtuq3F5jZEQ="
    },
    "find-replace": {
      "version": "2.0.1",
      "resolved": "https://registry.npmjs.org/find-replace/-/find-replace-2.0.1.tgz",
      "integrity": "sha512-LzDo3Fpa30FLIBsh6DCDnMN1KW2g4QKkqKmejlImgWY67dDFPX/x9Kh/op/GK522DchQXEvDi/wD48HKW49XOQ==",
      "requires": {
        "array-back": "2.0.0",
        "test-value": "3.0.0"
      }
    },
    "generate-function": {
      "version": "2.0.0",
      "resolved": "https://registry.npmjs.org/generate-function/-/generate-function-2.0.0.tgz",
      "integrity": "sha1-aFj+fAlpt9TpCTM3ZHrHn2DfvnQ="
    },
    "hasha": {
      "version": "3.0.0",
      "resolved": "https://registry.npmjs.org/hasha/-/hasha-3.0.0.tgz",
      "integrity": "sha1-UqMvq4Vp1BymmmH/GiFPjrfIvTk=",
      "requires": {
        "is-stream": "1.1.0"
      }
    },
    "httpntlm": {
      "version": "1.6.1",
      "resolved": "https://registry.npmjs.org/httpntlm/-/httpntlm-1.6.1.tgz",
      "integrity": "sha1-rQFScUOi6Hc8+uapb1hla7UqNLI=",
      "requires": {
        "httpreq": "0.4.24",
        "underscore": "1.7.0"
      },
      "dependencies": {
        "underscore": {
          "version": "1.7.0",
          "resolved": "https://registry.npmjs.org/underscore/-/underscore-1.7.0.tgz",
          "integrity": "sha1-a7rwh3UA02vjTsqlhODbn+8DUgk="
        }
      }
    },
    "httpreq": {
      "version": "0.4.24",
      "resolved": "https://registry.npmjs.org/httpreq/-/httpreq-0.4.24.tgz",
      "integrity": "sha1-QzX/2CzZaWaKOUZckprGHWOTYn8="
    },
    "iconv-lite": {
      "version": "0.4.23",
      "resolved": "https://registry.npmjs.org/iconv-lite/-/iconv-lite-0.4.23.tgz",
      "integrity": "sha512-neyTUVFtahjf0mB3dZT77u+8O0QB89jFdnBkd5P1JgYPbPaia3gXXOVL2fq8VyU2gMMD7SaN7QukTB/pmXYvDA==",
      "requires": {
        "safer-buffer": "2.1.2"
      }
    },
    "imap": {
      "version": "0.8.19",
      "resolved": "https://registry.npmjs.org/imap/-/imap-0.8.19.tgz",
      "integrity": "sha1-NniHOTSrCc6mukh0HyhNoq9Z2NU=",
      "requires": {
        "readable-stream": "1.1.14",
        "utf7": "1.0.2"
      }
    },
    "inherits": {
      "version": "2.0.3",
      "resolved": "https://registry.npmjs.org/inherits/-/inherits-2.0.3.tgz",
      "integrity": "sha1-Yzwsg+PaQqUC9SRmAiSA9CCCYd4="
    },
    "ip": {
      "version": "1.1.5",
      "resolved": "https://registry.npmjs.org/ip/-/ip-1.1.5.tgz",
      "integrity": "sha1-vd7XARQpCCjAoDnnLvJfWq7ENUo="
    },
    "is-stream": {
      "version": "1.1.0",
      "resolved": "https://registry.npmjs.org/is-stream/-/is-stream-1.1.0.tgz",
      "integrity": "sha1-EtSj3U5o4Lec6428hBc66A2RykQ="
    },
    "isarray": {
      "version": "0.0.1",
      "resolved": "https://registry.npmjs.org/isarray/-/isarray-0.0.1.tgz",
      "integrity": "sha1-ihis/Kmo9Bd+Cav8YDiTmwXR7t8="
    },
    "libbase64": {
      "version": "0.1.0",
      "resolved": "https://registry.npmjs.org/libbase64/-/libbase64-0.1.0.tgz",
      "integrity": "sha1-YjUag5VjrF/1vSbxL2Dpgwu3UeY="
    },
    "libmime": {
      "version": "2.1.0",
      "resolved": "https://registry.npmjs.org/libmime/-/libmime-2.1.0.tgz",
      "integrity": "sha1-Ubx23iKDFh65BRxLyArtcT5P0c0=",
      "requires": {
        "iconv-lite": "0.4.13",
        "libbase64": "0.1.0",
        "libqp": "1.1.0"
      },
      "dependencies": {
        "iconv-lite": {
          "version": "0.4.13",
          "resolved": "https://registry.npmjs.org/iconv-lite/-/iconv-lite-0.4.13.tgz",
          "integrity": "sha1-H4irpKsLFQjoMSrMOTRfNumS4vI="
        }
      }
    },
    "libqp": {
      "version": "1.1.0",
      "resolved": "https://registry.npmjs.org/libqp/-/libqp-1.1.0.tgz",
      "integrity": "sha1-9ebgatdLeU+1tbZpiL9yjvHe2+g="
    },
    "lodash": {
      "version": "4.17.10",
      "resolved": "https://registry.npmjs.org/lodash/-/lodash-4.17.10.tgz",
      "integrity": "sha512-UejweD1pDoXu+AD825lWwp4ZGtSwgnpZxb3JDViD7StjQz+Nb/6l093lx4OQ0foGWNRoc19mWy7BzL+UAK2iVg=="
    },
    "lodash.camelcase": {
      "version": "4.3.0",
      "resolved": "https://registry.npmjs.org/lodash.camelcase/-/lodash.camelcase-4.3.0.tgz",
      "integrity": "sha1-soqmKIorn8ZRA1x3EfZathkDMaY="
    },
    "long": {
      "version": "4.0.0",
      "resolved": "https://registry.npmjs.org/long/-/long-4.0.0.tgz",
      "integrity": "sha512-XsP+KhQif4bjX1kbuSiySJFNAehNxgLb6hPRGJ9QsUr8ajHkuXGdrHmFUTUUXhDwVX2R5bY4JNZEwbUiMhV+MA=="
    },
    "lru-cache": {
      "version": "4.1.1",
      "resolved": "https://registry.npmjs.org/lru-cache/-/lru-cache-4.1.1.tgz",
      "integrity": "sha512-q4spe4KTfsAS1SUHLO0wz8Qiyf1+vMIAgpRYioFYDMNqKfHQbg+AVDH3i4fvpl71/P1L0dBl+fQi+P37UYf0ew==",
      "requires": {
        "pseudomap": "1.0.2",
        "yallist": "2.1.2"
      }
    },
    "mailcomposer": {
      "version": "3.12.0",
      "resolved": "https://registry.npmjs.org/mailcomposer/-/mailcomposer-3.12.0.tgz",
      "integrity": "sha1-nF4RiKqOHGLsi4a9Q0aBArY56Pk=",
      "requires": {
        "buildmail": "3.10.0",
        "libmime": "2.1.0"
      }
    },
    "mailparser": {
      "version": "0.6.2",
      "resolved": "https://registry.npmjs.org/mailparser/-/mailparser-0.6.2.tgz",
      "integrity": "sha1-A8SGA5vfTfbNO2rcqqxBB9/bwGg=",
      "requires": {
        "encoding": "0.1.12",
        "mime": "1.6.0",
        "mimelib": "0.3.1",
        "uue": "3.1.2"
      }
    },
    "mailx": {
      "version": "0.0.11",
      "resolved": "https://registry.npmjs.org/mailx/-/mailx-0.0.11.tgz",
      "integrity": "sha1-z3af+I7WMq81UsJX5kHAXufUHYE=",
      "requires": {
        "asynk": "0.0.12",
        "imap": "0.8.19",
        "mailparser": "0.6.2",
        "nodemailer": "2.6.4",
        "optimist": "0.6.1",
        "underscore": "1.9.1"
      }
    },
    "mime": {
      "version": "1.6.0",
      "resolved": "https://registry.npmjs.org/mime/-/mime-1.6.0.tgz",
      "integrity": "sha512-x0Vn8spI+wuJ1O6S7gnbaQg8Pxh4NNHb7KSINmEWKiPE4RKOplvijn+NkmYmmRgP68mc70j2EbeTFRsrswaQeg=="
    },
    "mimelib": {
      "version": "0.3.1",
      "resolved": "https://registry.npmjs.org/mimelib/-/mimelib-0.3.1.tgz",
      "integrity": "sha1-eHrdJBXYJ6yzr27EvKHqlZZBiFM=",
      "requires": {
        "addressparser": "1.0.1",
        "encoding": "0.1.12"
      }
    },
    "minimist": {
      "version": "0.0.10",
      "resolved": "https://registry.npmjs.org/minimist/-/minimist-0.0.10.tgz",
      "integrity": "sha1-3j+YVD2/lggr5IrRoMfNqDYwHc8="
    },
    "mysql2": {
      "version": "1.5.3",
      "resolved": "https://registry.npmjs.org/mysql2/-/mysql2-1.5.3.tgz",
      "integrity": "sha512-Oov36YQSeciNP9SeqE7je4eWgeGADOorXLmsqhtxOJmPGUOJSNJT0s6/eq1Byy4nhXTRQUvlMHsI4Q/eMEs88Q==",
      "requires": {
        "cardinal": "1.0.0",
        "denque": "1.2.3",
        "generate-function": "2.0.0",
        "iconv-lite": "0.4.23",
        "long": "4.0.0",
        "lru-cache": "4.1.1",
        "named-placeholders": "1.1.1",
        "object-assign": "4.1.1",
        "readable-stream": "2.3.5",
        "safe-buffer": "5.1.2",
        "seq-queue": "0.0.5",
        "sqlstring": "2.3.1"
      },
      "dependencies": {
        "isarray": {
          "version": "1.0.0",
          "resolved": "https://registry.npmjs.org/isarray/-/isarray-1.0.0.tgz",
          "integrity": "sha1-u5NdSFgsuhaMBoNJV6VKPgcSTxE="
        },
        "readable-stream": {
          "version": "2.3.5",
          "resolved": "https://registry.npmjs.org/readable-stream/-/readable-stream-2.3.5.tgz",
          "integrity": "sha512-tK0yDhrkygt/knjowCUiWP9YdV7c5R+8cR0r/kt9ZhBU906Fs6RpQJCEilamRJj1Nx2rWI6LkW9gKqjTkshhEw==",
          "requires": {
            "core-util-is": "1.0.2",
            "inherits": "2.0.3",
            "isarray": "1.0.0",
            "process-nextick-args": "2.0.0",
            "safe-buffer": "5.1.2",
            "string_decoder": "1.0.3",
            "util-deprecate": "1.0.2"
          }
        },
        "string_decoder": {
          "version": "1.0.3",
          "resolved": "https://registry.npmjs.org/string_decoder/-/string_decoder-1.0.3.tgz",
          "integrity": "sha512-4AH6Z5fzNNBcH+6XDMfA/BTt87skxqJlO0lAh3Dker5zThcAxG6mKz+iGu308UKoPPQ8Dcqx/4JhujzltRa+hQ==",
          "requires": {
            "safe-buffer": "5.1.2"
          }
        }
      }
    },
    "named-placeholders": {
      "version": "1.1.1",
      "resolved": "https://registry.npmjs.org/named-placeholders/-/named-placeholders-1.1.1.tgz",
      "integrity": "sha1-O3oNJiA910s6nfTJz7gnsvuQfmQ=",
      "requires": {
        "lru-cache": "2.5.0"
      },
      "dependencies": {
        "lru-cache": {
          "version": "2.5.0",
          "resolved": "https://registry.npmjs.org/lru-cache/-/lru-cache-2.5.0.tgz",
          "integrity": "sha1-2COIrpyWC+y+oMc7uet5tsbOmus="
        }
      }
    },
    "nodemailer": {
      "version": "2.6.4",
      "resolved": "https://registry.npmjs.org/nodemailer/-/nodemailer-2.6.4.tgz",
      "integrity": "sha1-ViBwfFX6xnS24uXkJXCLmtXGttY=",
      "requires": {
        "libmime": "2.1.0",
        "mailcomposer": "3.12.0",
        "nodemailer-direct-transport": "3.3.2",
        "nodemailer-shared": "1.1.0",
        "nodemailer-smtp-pool": "2.8.2",
        "nodemailer-smtp-transport": "2.7.2",
        "socks": "1.1.9"
      }
    },
    "nodemailer-direct-transport": {
      "version": "3.3.2",
      "resolved": "https://registry.npmjs.org/nodemailer-direct-transport/-/nodemailer-direct-transport-3.3.2.tgz",
      "integrity": "sha1-6W+vuQNYVglH5WkBfZfmBzilCoY=",
      "requires": {
        "nodemailer-shared": "1.1.0",
        "smtp-connection": "2.12.0"
      }
    },
    "nodemailer-fetch": {
      "version": "1.6.0",
      "resolved": "https://registry.npmjs.org/nodemailer-fetch/-/nodemailer-fetch-1.6.0.tgz",
      "integrity": "sha1-ecSQihwPXzdbc/6IjamCj23JY6Q="
    },
    "nodemailer-shared": {
      "version": "1.1.0",
      "resolved": "https://registry.npmjs.org/nodemailer-shared/-/nodemailer-shared-1.1.0.tgz",
      "integrity": "sha1-z1mU4v0mjQD1zw+nZ6CBae2wfsA=",
      "requires": {
        "nodemailer-fetch": "1.6.0"
      }
    },
    "nodemailer-smtp-pool": {
      "version": "2.8.2",
      "resolved": "https://registry.npmjs.org/nodemailer-smtp-pool/-/nodemailer-smtp-pool-2.8.2.tgz",
      "integrity": "sha1-LrlNbPhXgLG0clzoU7nL1ejajHI=",
      "requires": {
        "nodemailer-shared": "1.1.0",
        "nodemailer-wellknown": "0.1.10",
        "smtp-connection": "2.12.0"
      }
    },
    "nodemailer-smtp-transport": {
      "version": "2.7.2",
      "resolved": "https://registry.npmjs.org/nodemailer-smtp-transport/-/nodemailer-smtp-transport-2.7.2.tgz",
      "integrity": "sha1-A9ccdjFPFKx9vHvwM6am0W1n+3c=",
      "requires": {
        "nodemailer-shared": "1.1.0",
        "nodemailer-wellknown": "0.1.10",
        "smtp-connection": "2.12.0"
      }
    },
    "nodemailer-wellknown": {
      "version": "0.1.10",
      "resolved": "https://registry.npmjs.org/nodemailer-wellknown/-/nodemailer-wellknown-0.1.10.tgz",
      "integrity": "sha1-WG24EB2zDLRDjrVGc3pBqtDPE9U="
    },
    "object-assign": {
      "version": "4.1.1",
      "resolved": "https://registry.npmjs.org/object-assign/-/object-assign-4.1.1.tgz",
      "integrity": "sha1-IQmtx5ZYh8/AXLvUQsrIv7s2CGM="
    },
    "optimist": {
      "version": "0.6.1",
      "resolved": "https://registry.npmjs.org/optimist/-/optimist-0.6.1.tgz",
      "integrity": "sha1-2j6nRob6IaGaERwybpDrFaAZZoY=",
      "requires": {
        "minimist": "0.0.10",
        "wordwrap": "0.0.3"
      }
    },
    "process-nextick-args": {
      "version": "2.0.0",
      "resolved": "https://registry.npmjs.org/process-nextick-args/-/process-nextick-args-2.0.0.tgz",
      "integrity": "sha512-MtEC1TqN0EU5nephaJ4rAtThHtC86dNN9qCuEhtshvpVBkAW5ZO7BASN9REnF9eoXGcRub+pFuKEpOHE+HbEMw=="
    },
    "pseudomap": {
      "version": "1.0.2",
      "resolved": "https://registry.npmjs.org/pseudomap/-/pseudomap-1.0.2.tgz",
      "integrity": "sha1-8FKijacOYYkX7wqKw0wa5aaChrM="
    },
    "readable-stream": {
      "version": "1.1.14",
      "resolved": "https://registry.npmjs.org/readable-stream/-/readable-stream-1.1.14.tgz",
      "integrity": "sha1-fPTFTvZI44EwhMY23SB54WbAgdk=",
      "requires": {
        "core-util-is": "1.0.2",
        "inherits": "2.0.3",
        "isarray": "0.0.1",
        "string_decoder": "0.10.31"
      }
    },
    "redeyed": {
      "version": "1.0.1",
      "resolved": "https://registry.npmjs.org/redeyed/-/redeyed-1.0.1.tgz",
      "integrity": "sha1-6WwZO0DAgWsArshCaY5hGF5VSYo=",
      "requires": {
        "esprima": "3.0.0"
      }
    },
    "safe-buffer": {
      "version": "5.1.2",
      "resolved": "https://registry.npmjs.org/safe-buffer/-/safe-buffer-5.1.2.tgz",
      "integrity": "sha512-Gd2UZBJDkXlY7GbJxfsE8/nvKkUEU1G38c1siN6QP6a9PT9MmHB8GnpscSmMJSoF8LOIrt8ud/wPtojys4G6+g=="
    },
    "safer-buffer": {
      "version": "2.1.2",
      "resolved": "https://registry.npmjs.org/safer-buffer/-/safer-buffer-2.1.2.tgz",
      "integrity": "sha512-YZo3K82SD7Riyi0E1EQPojLz7kpepnSQI9IyPbHHg1XXXevb5dJI7tpyN2ADxGcQbHG7vcyRHk0cbwqcQriUtg=="
    },
    "semver": {
      "version": "5.3.0",
      "resolved": "https://registry.npmjs.org/semver/-/semver-5.3.0.tgz",
      "integrity": "sha1-myzl094C0XxgEq0yaqa00M9U+U8="
    },
    "seq-queue": {
      "version": "0.0.5",
      "resolved": "https://registry.npmjs.org/seq-queue/-/seq-queue-0.0.5.tgz",
      "integrity": "sha1-1WgS4cAXpuTnw+Ojeh2m143TyT4="
    },
    "smart-buffer": {
      "version": "1.1.15",
      "resolved": "https://registry.npmjs.org/smart-buffer/-/smart-buffer-1.1.15.tgz",
      "integrity": "sha1-fxFLW2X6s+KjWqd1uxLw0cZJvxY="
    },
    "smtp-connection": {
      "version": "2.12.0",
      "resolved": "https://registry.npmjs.org/smtp-connection/-/smtp-connection-2.12.0.tgz",
      "integrity": "sha1-1275EnyyPCJZ7bHoNJwujV4tdME=",
      "requires": {
        "httpntlm": "1.6.1",
        "nodemailer-shared": "1.1.0"
      }
    },
    "socks": {
      "version": "1.1.9",
      "resolved": "https://registry.npmjs.org/socks/-/socks-1.1.9.tgz",
      "integrity": "sha1-Yo1+TQSRJDVEWsC25Fk3bLPm1pE=",
      "requires": {
        "ip": "1.1.5",
        "smart-buffer": "1.1.15"
      }
    },
    "sqlstring": {
      "version": "2.3.1",
      "resolved": "https://registry.npmjs.org/sqlstring/-/sqlstring-2.3.1.tgz",
      "integrity": "sha1-R1OT/56RR5rqYtyvDKPRSYOn+0A="
    },
    "string_decoder": {
      "version": "0.10.31",
      "resolved": "https://registry.npmjs.org/string_decoder/-/string_decoder-0.10.31.tgz",
      "integrity": "sha1-YuIDvEF2bGwoyfyEMB2rHFMQ+pQ="
    },
    "test-value": {
      "version": "3.0.0",
      "resolved": "https://registry.npmjs.org/test-value/-/test-value-3.0.0.tgz",
      "integrity": "sha512-sVACdAWcZkSU9x7AOmJo5TqE+GyNJknHaHsMrR6ZnhjVlVN9Yx6FjHrsKZ3BjIpPCT68zYesPWkakrNupwfOTQ==",
      "requires": {
        "array-back": "2.0.0",
        "typical": "2.6.1"
      }
    },
    "typical": {
      "version": "2.6.1",
      "resolved": "https://registry.npmjs.org/typical/-/typical-2.6.1.tgz",
      "integrity": "sha1-XAgOXWYcu+OCWdLnCjxyU+hziB0="
    },
    "underscore": {
      "version": "1.9.1",
      "resolved": "https://registry.npmjs.org/underscore/-/underscore-1.9.1.tgz",
      "integrity": "sha512-5/4etnCkd9c8gwgowi5/om/mYO5ajCaOgdzj/oW+0eQV9WxKBDZw5+ycmKmeaTXjInS/W0BzpGLo2xR2aBwZdg=="
    },
    "utf7": {
      "version": "1.0.2",
      "resolved": "https://registry.npmjs.org/utf7/-/utf7-1.0.2.tgz",
      "integrity": "sha1-lV9JCq5lO6IguUVqCod2wZk2CZE=",
      "requires": {
        "semver": "5.3.0"
      }
    },
    "util-deprecate": {
      "version": "1.0.2",
      "resolved": "https://registry.npmjs.org/util-deprecate/-/util-deprecate-1.0.2.tgz",
      "integrity": "sha1-RQ1Nyfpw3nMnYvvS1KKJgUGaDM8="
    },
    "uue": {
      "version": "3.1.2",
      "resolved": "https://registry.npmjs.org/uue/-/uue-3.1.2.tgz",
      "integrity": "sha512-axKLXVqwtdI/czrjG0X8hyV1KLgeWx8F4KvSbvVCnS+RUvsQMGRjx0kfuZDXXqj0LYvVJmx3B9kWlKtEdRrJLg==",
      "requires": {
        "escape-string-regexp": "1.0.5",
        "extend": "3.0.1"
      }
    },
    "wordwrap": {
      "version": "0.0.3",
      "resolved": "https://registry.npmjs.org/wordwrap/-/wordwrap-0.0.3.tgz",
      "integrity": "sha1-o9XabNXAvAAI03I0u68b7WMFkQc="
    },
    "yallist": {
      "version": "2.1.2",
      "resolved": "https://registry.npmjs.org/yallist/-/yallist-2.1.2.tgz",
      "integrity": "sha1-HBH5IY8HYImkfdUS+TxmmaaoHVI="
    }
  }
}
